
Microsoft Visual Studio Solution File, Format Version 12.00
# Visual Studio Version 16
VisualStudioVersion = 16.0.28705.295
MinimumVisualStudioVersion = 10.0.40219.1
Project("{2150E333-8FDC-42A3-9474-1A3956D46DE8}") = "Solution Configuration", "Solution Configuration", "{F1097E98-4DEB-4A0A-81EE-5CEC667EBDF0}"
	ProjectSection(SolutionItems) = preProject
		.editorconfig = .editorconfig
		.gitattributes = .gitattributes
		.gitignore = .gitignore
		Rebracer.xml = Rebracer.xml
	EndProjectSection
EndProject
Project("{9A19103F-16F7-4668-BE54-9A1E7A4F7556}") = "ICSharpCode.SharpZipLib", "src\ICSharpCode.SharpZipLib\ICSharpCode.SharpZipLib.csproj", "{C53BEB8A-0989-43A7-B3EC-F7028749FA71}"
EndProject
Project("{FAE04EC0-301F-11D3-BF4B-00C04F79EFBC}") = "ftest", "fengtest\ftest\ftest.csproj", "{85C3BAF1-8CB9-4473-8F9E-60ED1C3B042E}"
EndProject
Global
	GlobalSection(SolutionConfigurationPlatforms) = preSolution
		Debug|Any CPU = Debug|Any CPU
		Release|Any CPU = Release|Any CPU
	EndGlobalSection
	GlobalSection(ProjectConfigurationPlatforms) = postSolution
		{C53BEB8A-0989-43A7-B3EC-F7028749FA71}.Debug|Any CPU.ActiveCfg = Debug|Any CPU
		{C53BEB8A-0989-43A7-B3EC-F7028749FA71}.Debug|Any CPU.Build.0 = Debug|Any CPU
		{C53BEB8A-0989-43A7-B3EC-F7028749FA71}.Release|Any CPU.ActiveCfg = Release|Any CPU
		{C53BEB8A-0989-43A7-B3EC-F7028749FA71}.Release|Any CPU.Build.0 = Release|Any CPU
		{85C3BAF1-8CB9-4473-8F9E-60ED1C3B042E}.Debug|Any CPU.ActiveCfg = Debug|Any CPU
		{85C3BAF1-8CB9-4473-8F9E-60ED1C3B042E}.Debug|Any CPU.Build.0 = Debug|Any CPU
		{85C3BAF1-8CB9-4473-8F9E-60ED1C3B042E}.Release|Any CPU.ActiveCfg = Release|Any CPU
		{85C3BAF1-8CB9-4473-8F9E-60ED1C3B042E}.Release|Any CPU.Build.0 = Release|Any CPU
	EndGlobalSection
	GlobalSection(SolutionProperties) = preSolution
		HideSolutionNode = FALSE
	EndGlobalSection
	GlobalSection(ExtensibilityGlobals) = postSolution
		SolutionGuid = {0A049193-65F8-49AF-82CB-75D42563DA16}
	EndGlobalSection
EndGlobal
